{
    "_readme": [
        "This file locks the dependencies of your project to a known state",
        "Read more about it at https://getcomposer.org/doc/01-basic-usage.md#composer-lock-the-lock-file",
        "This file is @generated automatically"
    ],
    "hash": "0a871696915080f0a550575310e2fe58",
    "content-hash": "2d172b8b300e60a8722beb4e674d568e",
    "packages": [
        {
            "name": "automattic/woocommerce",
            "version": "2.0.0",
            "source": {
                "type": "git",
                "url": "https://github.com/woocommerce/wc-api-php.git",
                "reference": "f7342e78f8927c09ae3a2adf7f6cf9c365aa6776"
            },
            "dist": {
                "type": "zip",
                "url": "https://api.github.com/repos/woocommerce/wc-api-php/zipball/f7342e78f8927c09ae3a2adf7f6cf9c365aa6776",
                "reference": "f7342e78f8927c09ae3a2adf7f6cf9c365aa6776",
                "shasum": ""
            },
            "require": {
                "ext-curl": "*",
                "ext-json": "*",
                "php": ">= 5.4.0"
            },
            "require-dev": {
                "phpunit/phpunit": "*",
                "squizlabs/php_codesniffer": "3.*"
            },
            "type": "library",
            "autoload": {
                "psr-4": {
                    "Automattic\\WooCommerce\\": [
                        "src/WooCommerce"
                    ]
                }
            },
            "notification-url": "https://packagist.org/downloads/",
            "license": [
                "MIT"
            ],
            "authors": [
                {
                    "name": "Claudio Sanches",
                    "email": "claudio.sanches@automattic.com"
                }
            ],
            "description": "A PHP wrapper for the WooCommerce REST API",
            "keywords": [
                "api",
                "woocommerce"
            ],
            "time": "2018-01-12 19:23:17"
        }
    ],
    "packages-dev": [],
    "aliases": [],
    "minimum-stability": "stable",
    "stability-flags": [],
    "prefer-stable": false,
    "prefer-lowest": false,
    "platform": [],
    "platform-dev": []
}
